
Microsoft Visual Studio Solution File, Format Version 12.00
# Visual Studio Version 16
VisualStudioVersion = 16.0.30204.135
MinimumVisualStudioVersion = 10.0.40219.1
Project("{FAE04EC0-301F-11D3-BF4B-00C04F79EFBC}") = "Map", "Map\Map.csproj", "{7C9DA1BE-2B3F-4810-BA0F-5E9A1CDF31A1}"
EndProject
Global
	GlobalSection(SolutionConfigurationPlatforms) = preSolution
		Debug|Any CPU = Debug|Any CPU
		Release|Any CPU = Release|Any CPU
	EndGlobalSection
	GlobalSection(ProjectConfigurationPlatforms) = postSolution
		{7C9DA1BE-2B3F-4810-BA0F-5E9A1CDF31A1}.Debug|Any CPU.ActiveCfg = Debug|Any CPU
		{7C9DA1BE-2B3F-4810-BA0F-5E9A1CDF31A1}.Debug|Any CPU.Build.0 = Debug|Any CPU
		{7C9DA1BE-2B3F-4810-BA0F-5E9A1CDF31A1}.Release|Any CPU.ActiveCfg = Release|Any CPU
		{7C9DA1BE-2B3F-4810-BA0F-5E9A1CDF31A1}.Release|Any CPU.Build.0 = Release|Any CPU
	EndGlobalSection
	GlobalSection(SolutionProperties) = preSolution
		HideSolutionNode = FALSE
	EndGlobalSection
	GlobalSection(ExtensibilityGlobals) = postSolution
		SolutionGuid = {0FE2104D-C888-4396-8A37-38433B5C10CC}
	EndGlobalSection
EndGlobal
